
Microsoft Visual Studio Solution File, Format Version 12.00
# Visual Studio 15
VisualStudioVersion = 15.0.27130.2003
MinimumVisualStudioVersion = 10.0.40219.1
Project("{FAE04EC0-301F-11D3-BF4B-00C04F79EFBC}") = "TestAnagram", "TestAnagram\TestAnagram.csproj", "{7B2117EE-C096-404C-8403-54223718F7E9}"
EndProject
Global
	GlobalSection(SolutionConfigurationPlatforms) = preSolution
		Debug|Any CPU = Debug|Any CPU
		Release|Any CPU = Release|Any CPU
	EndGlobalSection
	GlobalSection(ProjectConfigurationPlatforms) = postSolution
		{7B2117EE-C096-404C-8403-54223718F7E9}.Debug|Any CPU.ActiveCfg = Debug|Any CPU
		{7B2117EE-C096-404C-8403-54223718F7E9}.Debug|Any CPU.Build.0 = Debug|Any CPU
		{7B2117EE-C096-404C-8403-54223718F7E9}.Release|Any CPU.ActiveCfg = Release|Any CPU
		{7B2117EE-C096-404C-8403-54223718F7E9}.Release|Any CPU.Build.0 = Release|Any CPU
	EndGlobalSection
	GlobalSection(SolutionProperties) = preSolution
		HideSolutionNode = FALSE
	EndGlobalSection
	GlobalSection(ExtensibilityGlobals) = postSolution
		SolutionGuid = {FD5E006B-D944-4619-91AE-5AC6195FE4C7}
	EndGlobalSection
EndGlobal
